
Microsoft Visual Studio Solution File, Format Version 12.00
# Visual Studio Version 16
VisualStudioVersion = 16.0.30002.166
MinimumVisualStudioVersion = 10.0.40219.1
Project("{FAE04EC0-301F-11D3-BF4B-00C04F79EFBC}") = "FinalFantasyXThunderBoltDodger", "FinalFantasyXThunderBoltDodger\FinalFantasyXThunderBoltDodger.csproj", "{B58EDB1A-B024-433B-8E6F-D74F93DF78CA}"
EndProject
Global
	GlobalSection(SolutionConfigurationPlatforms) = preSolution
		Debug|Any CPU = Debug|Any CPU
		Release|Any CPU = Release|Any CPU
	EndGlobalSection
	GlobalSection(ProjectConfigurationPlatforms) = postSolution
		{B58EDB1A-B024-433B-8E6F-D74F93DF78CA}.Debug|Any CPU.ActiveCfg = Debug|Any CPU
		{B58EDB1A-B024-433B-8E6F-D74F93DF78CA}.Debug|Any CPU.Build.0 = Debug|Any CPU
		{B58EDB1A-B024-433B-8E6F-D74F93DF78CA}.Release|Any CPU.ActiveCfg = Release|Any CPU
		{B58EDB1A-B024-433B-8E6F-D74F93DF78CA}.Release|Any CPU.Build.0 = Release|Any CPU
	EndGlobalSection
	GlobalSection(SolutionProperties) = preSolution
		HideSolutionNode = FALSE
	EndGlobalSection
	GlobalSection(ExtensibilityGlobals) = postSolution
		SolutionGuid = {204C21F1-4BAD-4C7E-9333-C9C9D2BAF5B7}
	EndGlobalSection
EndGlobal
